
Microsoft Visual Studio Solution File, Format Version 12.00
# Visual Studio Version 17
VisualStudioVersion = 17.12.35527.113
MinimumVisualStudioVersion = 10.0.40219.1
Project("{FAE04EC0-301F-11D3-BF4B-00C04F79EFBC}") = "CustomWallpaper", "CustomWallpaper\CustomWallpaper.csproj", "{A640E36D-05C3-409C-86C1-0CE5FC166A11}"
EndProject
Project("{FAE04EC0-301F-11D3-BF4B-00C04F79EFBC}") = "CustomWallpaper.Tasks", "CustomWallpaper.Tasks\CustomWallpaper.Tasks.csproj", "{76DDE639-30A8-4F5B-B704-CF3C56BEFFAD}"
EndProject
Project("{FAE04EC0-301F-11D3-BF4B-00C04F79EFBC}") = "CustomWallpaper.Core", "CustomWallpaper.Core\CustomWallpaper.Core.csproj", "{75804C22-9DDB-48B0-B1B4-8F694798A984}"
EndProject
Project("{FAE04EC0-301F-11D3-BF4B-00C04F79EFBC}") = "CustomWallpaper.Domain", "CustomWallpaper.Domain\CustomWallpaper.Domain.csproj", "{5DA52734-6774-4AA0-97E6-3C16B5FBD6E5}"
EndProject
Project("{FAE04EC0-301F-11D3-BF4B-00C04F79EFBC}") = "CustomWallpaper.Infrastructure", "CustomWallpaper.Infrastructure\CustomWallpaper.Infrastructure.csproj", "{788309EC-6772-424C-B0D9-E5E2CC692194}"
EndProject
Project("{FAE04EC0-301F-11D3-BF4B-00C04F79EFBC}") = "CustomWallpaper.Services", "CustomWallpaper.Services\CustomWallpaper.Services.csproj", "{F1A86FB2-8C58-471D-A0CD-93B5515B6DD2}"
EndProject
Global
	GlobalSection(SolutionConfigurationPlatforms) = preSolution
		Debug|ARM = Debug|ARM
		Debug|ARM64 = Debug|ARM64
		Debug|x64 = Debug|x64
		Debug|x86 = Debug|x86
		Release|ARM = Release|ARM
		Release|ARM64 = Release|ARM64
		Release|x64 = Release|x64
		Release|x86 = Release|x86
	EndGlobalSection
	GlobalSection(ProjectConfigurationPlatforms) = postSolution
		{A640E36D-05C3-409C-86C1-0CE5FC166A11}.Debug|ARM.ActiveCfg = Debug|ARM
		{A640E36D-05C3-409C-86C1-0CE5FC166A11}.Debug|ARM.Build.0 = Debug|ARM
		{A640E36D-05C3-409C-86C1-0CE5FC166A11}.Debug|ARM.Deploy.0 = Debug|ARM
		{A640E36D-05C3-409C-86C1-0CE5FC166A11}.Debug|ARM64.ActiveCfg = Debug|ARM64
		{A640E36D-05C3-409C-86C1-0CE5FC166A11}.Debug|ARM64.Build.0 = Debug|ARM64
		{A640E36D-05C3-409C-86C1-0CE5FC166A11}.Debug|ARM64.Deploy.0 = Debug|ARM64
		{A640E36D-05C3-409C-86C1-0CE5FC166A11}.Debug|x64.ActiveCfg = Debug|x64
		{A640E36D-05C3-409C-86C1-0CE5FC166A11}.Debug|x64.Build.0 = Debug|x64
		{A640E36D-05C3-409C-86C1-0CE5FC166A11}.Debug|x64.Deploy.0 = Debug|x64
		{A640E36D-05C3-409C-86C1-0CE5FC166A11}.Debug|x86.ActiveCfg = Debug|x86
		{A640E36D-05C3-409C-86C1-0CE5FC166A11}.Debug|x86.Build.0 = Debug|x86
		{A640E36D-05C3-409C-86C1-0CE5FC166A11}.Debug|x86.Deploy.0 = Debug|x86
		{A640E36D-05C3-409C-86C1-0CE5FC166A11}.Release|ARM.ActiveCfg = Release|ARM
		{A640E36D-05C3-409C-86C1-0CE5FC166A11}.Release|ARM.Build.0 = Release|ARM
		{A640E36D-05C3-409C-86C1-0CE5FC166A11}.Release|ARM.Deploy.0 = Release|ARM
		{A640E36D-05C3-409C-86C1-0CE5FC166A11}.Release|ARM64.ActiveCfg = Release|ARM64
		{A640E36D-05C3-409C-86C1-0CE5FC166A11}.Release|ARM64.Build.0 = Release|ARM64
		{A640E36D-05C3-409C-86C1-0CE5FC166A11}.Release|ARM64.Deploy.0 = Release|ARM64
		{A640E36D-05C3-409C-86C1-0CE5FC166A11}.Release|x64.ActiveCfg = Release|x64
		{A640E36D-05C3-409C-86C1-0CE5FC166A11}.Release|x64.Build.0 = Release|x64
		{A640E36D-05C3-409C-86C1-0CE5FC166A11}.Release|x64.Deploy.0 = Release|x64
		{A640E36D-05C3-409C-86C1-0CE5FC166A11}.Release|x86.ActiveCfg = Release|x86
		{A640E36D-05C3-409C-86C1-0CE5FC166A11}.Release|x86.Build.0 = Release|x86
		{A640E36D-05C3-409C-86C1-0CE5FC166A11}.Release|x86.Deploy.0 = Release|x86
		{76DDE639-30A8-4F5B-B704-CF3C56BEFFAD}.Debug|ARM.ActiveCfg = Debug|ARM
		{76DDE639-30A8-4F5B-B704-CF3C56BEFFAD}.Debug|ARM.Build.0 = Debug|ARM
		{76DDE639-30A8-4F5B-B704-CF3C56BEFFAD}.Debug|ARM64.ActiveCfg = Debug|ARM64
		{76DDE639-30A8-4F5B-B704-CF3C56BEFFAD}.Debug|ARM64.Build.0 = Debug|ARM64
		{76DDE639-30A8-4F5B-B704-CF3C56BEFFAD}.Debug|x64.ActiveCfg = Debug|x64
		{76DDE639-30A8-4F5B-B704-CF3C56BEFFAD}.Debug|x64.Build.0 = Debug|x64
		{76DDE639-30A8-4F5B-B704-CF3C56BEFFAD}.Debug|x86.ActiveCfg = Debug|x86
		{76DDE639-30A8-4F5B-B704-CF3C56BEFFAD}.Debug|x86.Build.0 = Debug|x86
		{76DDE639-30A8-4F5B-B704-CF3C56BEFFAD}.Release|ARM.ActiveCfg = Release|ARM
		{76DDE639-30A8-4F5B-B704-CF3C56BEFFAD}.Release|ARM.Build.0 = Release|ARM
		{76DDE639-30A8-4F5B-B704-CF3C56BEFFAD}.Release|ARM64.ActiveCfg = Release|ARM64
		{76DDE639-30A8-4F5B-B704-CF3C56BEFFAD}.Release|ARM64.Build.0 = Release|ARM64
		{76DDE639-30A8-4F5B-B704-CF3C56BEFFAD}.Release|x64.ActiveCfg = Release|x64
		{76DDE639-30A8-4F5B-B704-CF3C56BEFFAD}.Release|x64.Build.0 = Release|x64
		{76DDE639-30A8-4F5B-B704-CF3C56BEFFAD}.Release|x86.ActiveCfg = Release|x86
		{76DDE639-30A8-4F5B-B704-CF3C56BEFFAD}.Release|x86.Build.0 = Release|x86
		{75804C22-9DDB-48B0-B1B4-8F694798A984}.Debug|ARM.ActiveCfg = Debug|ARM
		{75804C22-9DDB-48B0-B1B4-8F694798A984}.Debug|ARM.Build.0 = Debug|ARM
		{75804C22-9DDB-48B0-B1B4-8F694798A984}.Debug|ARM64.ActiveCfg = Debug|ARM64
		{75804C22-9DDB-48B0-B1B4-8F694798A984}.Debug|ARM64.Build.0 = Debug|ARM64
		{75804C22-9DDB-48B0-B1B4-8F694798A984}.Debug|x64.ActiveCfg = Debug|x64
		{75804C22-9DDB-48B0-B1B4-8F694798A984}.Debug|x64.Build.0 = Debug|x64
		{75804C22-9DDB-48B0-B1B4-8F694798A984}.Debug|x86.ActiveCfg = Debug|x86
		{75804C22-9DDB-48B0-B1B4-8F694798A984}.Debug|x86.Build.0 = Debug|x86
		{75804C22-9DDB-48B0-B1B4-8F694798A984}.Release|ARM.ActiveCfg = Release|ARM
		{75804C22-9DDB-48B0-B1B4-8F694798A984}.Release|ARM.Build.0 = Release|ARM
		{75804C22-9DDB-48B0-B1B4-8F694798A984}.Release|ARM64.ActiveCfg = Release|ARM64
		{75804C22-9DDB-48B0-B1B4-8F694798A984}.Release|ARM64.Build.0 = Release|ARM64
		{75804C22-9DDB-48B0-B1B4-8F694798A984}.Release|x64.ActiveCfg = Release|x64
		{75804C22-9DDB-48B0-B1B4-8F694798A984}.Release|x64.Build.0 = Release|x64
		{75804C22-9DDB-48B0-B1B4-8F694798A984}.Release|x86.ActiveCfg = Release|x86
		{75804C22-9DDB-48B0-B1B4-8F694798A984}.Release|x86.Build.0 = Release|x86
		{5DA52734-6774-4AA0-97E6-3C16B5FBD6E5}.Debug|ARM.ActiveCfg = Debug|ARM
		{5DA52734-6774-4AA0-97E6-3C16B5FBD6E5}.Debug|ARM.Build.0 = Debug|ARM
		{5DA52734-6774-4AA0-97E6-3C16B5FBD6E5}.Debug|ARM64.ActiveCfg = Debug|ARM64
		{5DA52734-6774-4AA0-97E6-3C16B5FBD6E5}.Debug|ARM64.Build.0 = Debug|ARM64
		{5DA52734-6774-4AA0-97E6-3C16B5FBD6E5}.Debug|x64.ActiveCfg = Debug|x64
		{5DA52734-6774-4AA0-97E6-3C16B5FBD6E5}.Debug|x64.Build.0 = Debug|x64
		{5DA52734-6774-4AA0-97E6-3C16B5FBD6E5}.Debug|x86.ActiveCfg = Debug|x86
		{5DA52734-6774-4AA0-97E6-3C16B5FBD6E5}.Debug|x86.Build.0 = Debug|x86
		{5DA52734-6774-4AA0-97E6-3C16B5FBD6E5}.Release|ARM.ActiveCfg = Release|ARM
		{5DA52734-6774-4AA0-97E6-3C16B5FBD6E5}.Release|ARM.Build.0 = Release|ARM
		{5DA52734-6774-4AA0-97E6-3C16B5FBD6E5}.Release|ARM64.ActiveCfg = Release|ARM64
		{5DA52734-6774-4AA0-97E6-3C16B5FBD6E5}.Release|ARM64.Build.0 = Release|ARM64
		{5DA52734-6774-4AA0-97E6-3C16B5FBD6E5}.Release|x64.ActiveCfg = Release|x64
		{5DA52734-6774-4AA0-97E6-3C16B5FBD6E5}.Release|x64.Build.0 = Release|x64
		{5DA52734-6774-4AA0-97E6-3C16B5FBD6E5}.Release|x86.ActiveCfg = Release|x86
		{5DA52734-6774-4AA0-97E6-3C16B5FBD6E5}.Release|x86.Build.0 = Release|x86
		{788309EC-6772-424C-B0D9-E5E2CC692194}.Debug|ARM.ActiveCfg = Debug|ARM
		{788309EC-6772-424C-B0D9-E5E2CC692194}.Debug|ARM.Build.0 = Debug|ARM
		{788309EC-6772-424C-B0D9-E5E2CC692194}.Debug|ARM64.ActiveCfg = Debug|ARM64
		{788309EC-6772-424C-B0D9-E5E2CC692194}.Debug|ARM64.Build.0 = Debug|ARM64
		{788309EC-6772-424C-B0D9-E5E2CC692194}.Debug|x64.ActiveCfg = Debug|x64
		{788309EC-6772-424C-B0D9-E5E2CC692194}.Debug|x64.Build.0 = Debug|x64
		{788309EC-6772-424C-B0D9-E5E2CC692194}.Debug|x86.ActiveCfg = Debug|x86
		{788309EC-6772-424C-B0D9-E5E2CC692194}.Debug|x86.Build.0 = Debug|x86
		{788309EC-6772-424C-B0D9-E5E2CC692194}.Release|ARM.ActiveCfg = Release|ARM
		{788309EC-6772-424C-B0D9-E5E2CC692194}.Release|ARM.Build.0 = Release|ARM
		{788309EC-6772-424C-B0D9-E5E2CC692194}.Release|ARM64.ActiveCfg = Release|ARM64
		{788309EC-6772-424C-B0D9-E5E2CC692194}.Release|ARM64.Build.0 = Release|ARM64
		{788309EC-6772-424C-B0D9-E5E2CC692194}.Release|x64.ActiveCfg = Release|x64
		{788309EC-6772-424C-B0D9-E5E2CC692194}.Release|x64.Build.0 = Release|x64
		{788309EC-6772-424C-B0D9-E5E2CC692194}.Release|x86.ActiveCfg = Release|x86
		{788309EC-6772-424C-B0D9-E5E2CC692194}.Release|x86.Build.0 = Release|x86
		{F1A86FB2-8C58-471D-A0CD-93B5515B6DD2}.Debug|ARM.ActiveCfg = Debug|ARM
		{F1A86FB2-8C58-471D-A0CD-93B5515B6DD2}.Debug|ARM.Build.0 = Debug|ARM
		{F1A86FB2-8C58-471D-A0CD-93B5515B6DD2}.Debug|ARM64.ActiveCfg = Debug|ARM64
		{F1A86FB2-8C58-471D-A0CD-93B5515B6DD2}.Debug|ARM64.Build.0 = Debug|ARM64
		{F1A86FB2-8C58-471D-A0CD-93B5515B6DD2}.Debug|x64.ActiveCfg = Debug|x64
		{F1A86FB2-8C58-471D-A0CD-93B5515B6DD2}.Debug|x64.Build.0 = Debug|x64
		{F1A86FB2-8C58-471D-A0CD-93B5515B6DD2}.Debug|x86.ActiveCfg = Debug|x86
		{F1A86FB2-8C58-471D-A0CD-93B5515B6DD2}.Debug|x86.Build.0 = Debug|x86
		{F1A86FB2-8C58-471D-A0CD-93B5515B6DD2}.Release|ARM.ActiveCfg = Release|ARM
		{F1A86FB2-8C58-471D-A0CD-93B5515B6DD2}.Release|ARM.Build.0 = Release|ARM
		{F1A86FB2-8C58-471D-A0CD-93B5515B6DD2}.Release|ARM64.ActiveCfg = Release|ARM64
		{F1A86FB2-8C58-471D-A0CD-93B5515B6DD2}.Release|ARM64.Build.0 = Release|ARM64
		{F1A86FB2-8C58-471D-A0CD-93B5515B6DD2}.Release|x64.ActiveCfg = Release|x64
		{F1A86FB2-8C58-471D-A0CD-93B5515B6DD2}.Release|x64.Build.0 = Release|x64
		{F1A86FB2-8C58-471D-A0CD-93B5515B6DD2}.Release|x86.ActiveCfg = Release|x86
		{F1A86FB2-8C58-471D-A0CD-93B5515B6DD2}.Release|x86.Build.0 = Release|x86
	EndGlobalSection
	GlobalSection(SolutionProperties) = preSolution
		HideSolutionNode = FALSE
	EndGlobalSection
EndGlobal
